// !$*UTF8*$!
{
	archiveVersion = 1;
	classes = {
	};
	objectVersion = 46;
	objects = {

/* Begin PBXBuildFile section */
		B48F0C7A1D5AC73E00A4D13F /* main.m in Sources */ = {isa = PBXBuildFile; fileRef = B48F0C791D5AC73E00A4D13F /* main.m */; };
		B48F0C7D1D5AC73E00A4D13F /* AppDelegate.m in Sources */ = {isa = PBXBuildFile; fileRef = B48F0C7C1D5AC73E00A4D13F /* AppDelegate.m */; };
		B48F0C801D5AC73E00A4D13F /* ViewController.m in Sources */ = {isa = PBXBuildFile; fileRef = B48F0C7F1D5AC73E00A4D13F /* ViewController.m */; };
		B48F0C831D5AC73E00A4D13F /* Main.storyboard in Resources */ = {isa = PBXBuildFile; fileRef = B48F0C811D5AC73E00A4D13F /* Main.storyboard */; };
		B48F0C851D5AC73E00A4D13F /* Assets.xcassets in Resources */ = {isa = PBXBuildFile; fileRef = B48F0C841D5AC73E00A4D13F /* Assets.xcassets */; };
		B48F0C881D5AC73E00A4D13F /* LaunchScreen.storyboard in Resources */ = {isa = PBXBuildFile; fileRef = B48F0C861D5AC73E00A4D13F /* LaunchScreen.storyboard */; };
		B48F0C911D5AC76200A4D13F /* XFTaiJi.m in Sources */ = {isa = PBXBuildFile; fileRef = B48F0C901D5AC76200A4D13F /* XFTaiJi.m */; };
/* End PBXBuildFile section */

/* Begin PBXFileReference section */
		B48F0C751D5AC73E00A4D13F /* xf-TaiJi.app */ = {isa = PBXFileReference; explicitFileType = wrapper.application; includeInIndex = 0; path = "xf-TaiJi.app"; sourceTree = BUILT_PRODUCTS_DIR; };
		B48F0C791D5AC73E00A4D13F /* main.m */ = {isa = PBXFileReference; lastKnownFileType = sourcecode.c.objc; path = main.m; sourceTree = "<group>"; };
		B48F0C7B1D5AC73E00A4D13F /* AppDelegate.h */ = {isa = PBXFileReference; lastKnownFileType = sourcecode.c.h; path = AppDelegate.h; sourceTree = "<group>"; };
		B48F0C7C1D5AC73E00A4D13F /* AppDelegate.m */ = {isa = PBXFileReference; lastKnownFileType = sourcecode.c.objc; path = AppDelegate.m; sourceTree = "<group>"; };
		B48F0C7E1D5AC73E00A4D13F /* ViewController.h */ = {isa = PBXFileReference; lastKnownFileType = sourcecode.c.h; path = ViewController.h; sourceTree = "<group>"; };
		B48F0C7F1D5AC73E00A4D13F /* ViewController.m */ = {isa = PBXFileReference; lastKnownFileType = sourcecode.c.objc; path = ViewController.m; sourceTree = "<group>"; };
		B48F0C821D5AC73E00A4D13F /* Base */ = {isa = PBXFileReference; lastKnownFileType = file.storyboard; name = Base; path = Base.lproj/Main.storyboard; sourceTree = "<group>"; };
		B48F0C841D5AC73E00A4D13F /* Assets.xcassets */ = {isa = PBXFileReference; lastKnownFileType = folder.assetcatalog; path = Assets.xcassets; sourceTree = "<group>"; };
		B48F0C871D5AC73E00A4D13F /* Base */ = {isa = PBXFileReference; lastKnownFileType = file.storyboard; name = Base; path = Base.lproj/LaunchScreen.storyboard; sourceTree = "<group>"; };
		B48F0C891D5AC73E00A4D13F /* Info.plist */ = {isa = PBXFileReference; lastKnownFileType = text.plist.xml; path = Info.plist; sourceTree = "<group>"; };
		B48F0C8F1D5AC76200A4D13F /* XFTaiJi.h */ = {isa = PBXFileReference; fileEncoding = 4; lastKnownFileType = sourcecode.c.h; path = XFTaiJi.h; sourceTree = "<group>"; };
		B48F0C901D5AC76200A4D13F /* XFTaiJi.m */ = {isa = PBXFileReference; fileEncoding = 4; lastKnownFileType = sourcecode.c.objc; path = XFTaiJi.m; sourceTree = "<group>"; };
/* End PBXFileReference section */

/* Begin PBXFrameworksBuildPhase section */
		B48F0C721D5AC73E00A4D13F /* Frameworks */ = {
			isa = PBXFrameworksBuildPhase;
			buildActionMask = 2147483647;
			files = (
			);
			runOnlyForDeploymentPostprocessing = 0;
		};
/* End PBXFrameworksBuildPhase section */

/* Begin PBXGroup section */
		B48F0C6C1D5AC73E00A4D13F = {
			isa = PBXGroup;
			children = (
				B48F0C771D5AC73E00A4D13F /* xf-TaiJi */,
				B48F0C761D5AC73E00A4D13F /* Products */,
			);
			sourceTree = "<group>";
		};
		B48F0C761D5AC73E00A4D13F /* Products */ = {
			isa = PBXGroup;
			children = (
				B48F0C751D5AC73E00A4D13F /* xf-TaiJi.app */,
			);
			name = Products;
			sourceTree = "<group>";
		};
		B48F0C771D5AC73E00A4D13F /* xf-TaiJi */ = {
			isa = PBXGroup;
			children = (
				B48F0C7B1D5AC73E00A4D13F /* AppDelegate.h */,
				B48F0C7C1D5AC73E00A4D13F /* AppDelegate.m */,
				B48F0C7E1D5AC73E00A4D13F /* ViewController.h */,
				B48F0C7F1D5AC73E00A4D13F /* ViewController.m */,
				B48F0C8F1D5AC76200A4D13F /* XFTaiJi.h */,
				B48F0C901D5AC76200A4D13F /* XFTaiJi.m */,
				B48F0C811D5AC73E00A4D13F /* Main.storyboard */,
				B48F0C841D5AC73E00A4D13F /* Assets.xcassets */,
				B48F0C861D5AC73E00A4D13F /* LaunchScreen.storyboard */,
				B48F0C891D5AC73E00A4D13F /* Info.plist */,
				B48F0C781D5AC73E00A4D13F /* Supporting Files */,
			);
			path = "xf-TaiJi";
			sourceTree = "<group>";
		};
		B48F0C781D5AC73E00A4D13F /* Supporting Files */ = {
			isa = PBXGroup;
			children = (
				B48F0C791D5AC73E00A4D13F /* main.m */,
			);
			name = "Supporting Files";
			sourceTree = "<group>";
		};
/* End PBXGroup section */

/* Begin PBXNativeTarget section */
		B48F0C741D5AC73E00A4D13F /* xf-TaiJi */ = {
			isa = PBXNativeTarget;
			buildConfigurationList = B48F0C8C1D5AC73E00A4D13F /* Build configuration list for PBXNativeTarget "xf-TaiJi" */;
			buildPhases = (
				B48F0C711D5AC73E00A4D13F /* Sources */,
				B48F0C721D5AC73E00A4D13F /* Frameworks */,
				B48F0C731D5AC73E00A4D13F /* Resources */,
			);
			buildRules = (
			);
			dependencies = (
			);
			name = "xf-TaiJi";
			productName = "xf-TaiJi";
			productReference = B48F0C751D5AC73E00A4D13F /* xf-TaiJi.app */;
			productType = "com.apple.product-type.application";
		};
/* End PBXNativeTarget section */

/* Begin PBXProject section */
		B48F0C6D1D5AC73E00A4D13F /* Project object */ = {
			isa = PBXProject;
			attributes = {
				LastUpgradeCheck = 0730;
				ORGANIZATIONNAME = "朱晓峰";
				TargetAttributes = {
					B48F0C741D5AC73E00A4D13F = {
						CreatedOnToolsVersion = 7.3.1;
					};
				};
			};
			buildConfigurationList = B48F0C701D5AC73E00A4D13F /* Build configuration list for PBXProject "xf-TaiJi" */;
			compatibilityVersion = "Xcode 3.2";
			developmentRegion = English;
			hasScannedForEncodings = 0;
			knownRegions = (
				en,
				Base,
			);
			mainGroup = B48F0C6C1D5AC73E00A4D13F;
			productRefGroup = B48F0C761D5AC73E00A4D13F /* Products */;
			projectDirPath = "";
			projectRoot = "";
			targets = (
				B48F0C741D5AC73E00A4D13F /* xf-TaiJi */,
			);
		};
/* End PBXProject section */

/* Begin PBXResourcesBuildPhase section */
		B48F0C731D5AC73E00A4D13F /* Resources */ = {
			isa = PBXResourcesBuildPhase;
			buildActionMask = 2147483647;
			files = (
				B48F0C881D5AC73E00A4D13F /* LaunchScreen.storyboard in Resources */,
				B48F0C851D5AC73E00A4D13F /* Assets.xcassets in Resources */,
				B48F0C831D5AC73E00A4D13F /* Main.storyboard in Resources */,
			);
			runOnlyForDeploymentPostprocessing = 0;
		};
/* End PBXResourcesBuildPhase section */

/* Begin PBXSourcesBuildPhase section */
		B48F0C711D5AC73E00A4D13F /* Sources */ = {
			isa = PBXSourcesBuildPhase;
			buildActionMask = 2147483647;
			files = (
				B48F0C801D5AC73E00A4D13F /* ViewController.m in Sources */,
				B48F0C7D1D5AC73E00A4D13F /* AppDelegate.m in Sources */,
				B48F0C7A1D5AC73E00A4D13F /* main.m in Sources */,
				B48F0C911D5AC76200A4D13F /* XFTaiJi.m in Sources */,
			);
			runOnlyForDeploymentPostprocessing = 0;
		};
/* End PBXSourcesBuildPhase section */

/* Begin PBXVariantGroup section */
		B48F0C811D5AC73E00A4D13F /* Main.storyboard */ = {
			isa = PBXVariantGroup;
			children = (
				B48F0C821D5AC73E00A4D13F /* Base */,
			);
			name = Main.storyboard;
			sourceTree = "<group>";
		};
		B48F0C861D5AC73E00A4D13F /* LaunchScreen.storyboard */ = {
			isa = PBXVariantGroup;
			children = (
				B48F0C871D5AC73E00A4D13F /* Base */,
			);
			name = LaunchScreen.storyboard;
			sourceTree = "<group>";
		};
/* End PBXVariantGroup section */

/* Begin XCBuildConfiguration section */
		B48F0C8A1D5AC73E00A4D13F /* Debug */ = {
			isa = XCBuildConfiguration;
			buildSettings = {
				ALWAYS_SEARCH_USER_PATHS = NO;
				CLANG_ANALYZER_NONNULL = YES;
				CLANG_CXX_LANGUAGE_STANDARD = "gnu++0x";
				CLANG_CXX_LIBRARY = "libc++";
				CLANG_ENABLE_MODULES = YES;
				CLANG_ENABLE_OBJC_ARC = YES;
				CLANG_WARN_BOOL_CONVERSION = YES;
				CLANG_WARN_CONSTANT_CONVERSION = YES;
				CLANG_WARN_DIRECT_OBJC_ISA_USAGE = YES_ERROR;
				CLANG_WARN_EMPTY_BODY = YES;
				CLANG_WARN_ENUM_CONVERSION = YES;
				CLANG_WARN_INT_CONVERSION = YES;
				CLANG_WARN_OBJC_ROOT_CLASS = YES_ERROR;
				CLANG_WARN_UNREACHABLE_CODE = YES;
				CLANG_WARN__DUPLICATE_METHOD_MATCH = YES;
				"CODE_SIGN_IDENTITY[sdk=iphoneos*]" = "iPhone Developer";
				COPY_PHASE_STRIP = NO;
				DEBUG_INFORMATION_FORMAT = dwarf;
				ENABLE_STRICT_OBJC_MSGSEND = YES;
				ENABLE_TESTABILITY = YES;
				GCC_C_LANGUAGE_STANDARD = gnu99;
				GCC_DYNAMIC_NO_PIC = NO;
				GCC_NO_COMMON_BLOCKS = YES;
				GCC_OPTIMIZATION_LEVEL = 0;
				GCC_PREPROCESSOR_DEFINITIONS = (
					"DEBUG=1",
					"$(inherited)",
				);
				GCC_WARN_64_TO_32_BIT_CONVERSION = YES;
				GCC_WARN_ABOUT_RETURN_TYPE = YES_ERROR;
				GCC_WARN_UNDECLARED_SELECTOR = YES;
				GCC_WARN_UNINITIALIZED_AUTOS = YES_AGGRESSIVE;
				GCC_WARN_UNUSED_FUNCTION = YES;
				GCC_WARN_UNUSED_VARIABLE = YES;
				IPHONEOS_DEPLOYMENT_TARGET = 9.3;
				MTL_ENABLE_DEBUG_INFO = YES;
				ONLY_ACTIVE_ARCH = YES;
				SDKROOT = iphoneos;
			};
			name = Debug;
		};
		B48F0C8B1D5AC73E00A4D13F /* Release */ = {
			isa = XCBuildConfiguration;
			buildSettings = {
				ALWAYS_SEARCH_USER_PATHS = NO;
				CLANG_ANALYZER_NONNULL = YES;
				CLANG_CXX_LANGUAGE_STANDARD = "gnu++0x";
				CLANG_CXX_LIBRARY = "libc++";
				CLANG_ENABLE_MODULES = YES;
				CLANG_ENABLE_OBJC_ARC = YES;
				CLANG_WARN_BOOL_CONVERSION = YES;
				CLANG_WARN_CONSTANT_CONVERSION = YES;
				CLANG_WARN_DIRECT_OBJC_ISA_USAGE = YES_ERROR;
				CLANG_WARN_EMPTY_BODY = YES;
				CLANG_WARN_ENUM_CONVERSION = YES;
				CLANG_WARN_INT_CONVERSION = YES;
				CLANG_WARN_OBJC_ROOT_CLASS = YES_ERROR;
				CLANG_WARN_UNREACHABLE_CODE = YES;
				CLANG_WARN__DUPLICATE_METHOD_MATCH = YES;
				"CODE_SIGN_IDENTITY[sdk=iphoneos*]" = "iPhone Developer";
				COPY_PHASE_STRIP = NO;
				DEBUG_INFORMATION_FORMAT = "dwarf-with-dsym";
				ENABLE_NS_ASSERTIONS = NO;
				ENABLE_STRICT_OBJC_MSGSEND = YES;
				GCC_C_LANGUAGE_STANDARD = gnu99;
				GCC_NO_COMMON_BLOCKS = YES;
				GCC_WARN_64_TO_32_BIT_CONVERSION = YES;
				GCC_WARN_ABOUT_RETURN_TYPE = YES_ERROR;
				GCC_WARN_UNDECLARED_SELECTOR = YES;
				GCC_WARN_UNINITIALIZED_AUTOS = YES_AGGRESSIVE;
				GCC_WARN_UNUSED_FUNCTION = YES;
				GCC_WARN_UNUSED_VARIABLE = YES;
				IPHONEOS_DEPLOYMENT_TARGET = 9.3;
				MTL_ENABLE_DEBUG_INFO = NO;
				SDKROOT = iphoneos;
				VALIDATE_PRODUCT = YES;
			};
			name = Release;
		};
		B48F0C8D1D5AC73E00A4D13F /* Debug */ = {
			isa = XCBuildConfiguration;
			buildSettings = {
				ASSETCATALOG_COMPILER_APPICON_NAME = AppIcon;
				INFOPLIST_FILE = "xf-TaiJi/Info.plist";
				LD_RUNPATH_SEARCH_PATHS = "$(inherited) @executable_path/Frameworks";
				PRODUCT_BUNDLE_IDENTIFIER = "zhuxiaofeng.xf-TaiJi";
				PRODUCT_NAME = "$(TARGET_NAME)";
			};
			name = Debug;
		};
		B48F0C8E1D5AC73E00A4D13F /* Release */ = {
			isa = XCBuildConfiguration;
			buildSettings = {
				ASSETCATALOG_COMPILER_APPICON_NAME = AppIcon;
				INFOPLIST_FILE = "xf-TaiJi/Info.plist";
				LD_RUNPATH_SEARCH_PATHS = "$(inherited) @executable_path/Frameworks";
				PRODUCT_BUNDLE_IDENTIFIER = "zhuxiaofeng.xf-TaiJi";
				PRODUCT_NAME = "$(TARGET_NAME)";
			};
			name = Release;
		};
/* End XCBuildConfiguration section */

/* Begin XCConfigurationList section */
		B48F0C701D5AC73E00A4D13F /* Build configuration list for PBXProject "xf-TaiJi" */ = {
			isa = XCConfigurationList;
			buildConfigurations = (
				B48F0C8A1D5AC73E00A4D13F /* Debug */,
				B48F0C8B1D5AC73E00A4D13F /* Release */,
			);
			defaultConfigurationIsVisible = 0;
			defaultConfigurationName = Release;
		};
		B48F0C8C1D5AC73E00A4D13F /* Build configuration list for PBXNativeTarget "xf-TaiJi" */ = {
			isa = XCConfigurationList;
			buildConfigurations = (
				B48F0C8D1D5AC73E00A4D13F /* Debug */,
				B48F0C8E1D5AC73E00A4D13F /* Release */,
			);
			defaultConfigurationIsVisible = 0;
		};
/* End XCConfigurationList section */
	};
	rootObject = B48F0C6D1D5AC73E00A4D13F /* Project object */;
}
